// !$*UTF8*$!
{
	archiveVersion = 1;
	classes = {
	};
	objectVersion = 50;
	objects = {

/* Begin PBXBuildFile section */
		0FB1B53221E322970064D888 /* AppDelegate.m in Sources */ = {isa = PBXBuildFile; fileRef = 0FB1B53121E322970064D888 /* AppDelegate.m */; };
		0FB1B53821E322970064D888 /* Main.storyboard in Resources */ = {isa = PBXBuildFile; fileRef = 0FB1B53621E322970064D888 /* Main.storyboard */; };
		0FB1B53A21E3229B0064D888 /* Assets.xcassets in Resources */ = {isa = PBXBuildFile; fileRef = 0FB1B53921E3229B0064D888 /* Assets.xcassets */; };
		0FB1B53D21E3229B0064D888 /* LaunchScreen.storyboard in Resources */ = {isa = PBXBuildFile; fileRef = 0FB1B53B21E3229B0064D888 /* LaunchScreen.storyboard */; };
		0FB1B54021E3229B0064D888 /* main.m in Sources */ = {isa = PBXBuildFile; fileRef = 0FB1B53F21E3229B0064D888 /* main.m */; };
		0FB1B56121E32B360064D888 /* PaletteViewController.m in Sources */ = {isa = PBXBuildFile; fileRef = 0FB1B55221E32B360064D888 /* PaletteViewController.m */; };
		0FB1B56221E32B360064D888 /* CanvasViewController.m in Sources */ = {isa = PBXBuildFile; fileRef = 0FB1B55B21E32B360064D888 /* CanvasViewController.m */; };
		0FB1B56621E32B9B0064D888 /* ThumbnailViewController.m in Sources */ = {isa = PBXBuildFile; fileRef = 0FB1B56521E32B9B0064D888 /* ThumbnailViewController.m */; };
/* End PBXBuildFile section */

/* Begin PBXFileReference section */
		0FB1B52D21E322970064D888 /* TouchPainter.app */ = {isa = PBXFileReference; explicitFileType = wrapper.application; includeInIndex = 0; path = TouchPainter.app; sourceTree = BUILT_PRODUCTS_DIR; };
		0FB1B53021E322970064D888 /* AppDelegate.h */ = {isa = PBXFileReference; lastKnownFileType = sourcecode.c.h; path = AppDelegate.h; sourceTree = "<group>"; };
		0FB1B53121E322970064D888 /* AppDelegate.m */ = {isa = PBXFileReference; lastKnownFileType = sourcecode.c.objc; path = AppDelegate.m; sourceTree = "<group>"; };
		0FB1B53721E322970064D888 /* Base */ = {isa = PBXFileReference; lastKnownFileType = file.storyboard; name = Base; path = Base.lproj/Main.storyboard; sourceTree = "<group>"; };
		0FB1B53921E3229B0064D888 /* Assets.xcassets */ = {isa = PBXFileReference; lastKnownFileType = folder.assetcatalog; path = Assets.xcassets; sourceTree = "<group>"; };
		0FB1B53C21E3229B0064D888 /* Base */ = {isa = PBXFileReference; lastKnownFileType = file.storyboard; name = Base; path = Base.lproj/LaunchScreen.storyboard; sourceTree = "<group>"; };
		0FB1B53E21E3229B0064D888 /* Info.plist */ = {isa = PBXFileReference; lastKnownFileType = text.plist.xml; path = Info.plist; sourceTree = "<group>"; };
		0FB1B53F21E3229B0064D888 /* main.m */ = {isa = PBXFileReference; lastKnownFileType = sourcecode.c.objc; path = main.m; sourceTree = "<group>"; };
		0FB1B55121E32B360064D888 /* PaletteViewController.h */ = {isa = PBXFileReference; fileEncoding = 4; lastKnownFileType = sourcecode.c.h; path = PaletteViewController.h; sourceTree = "<group>"; };
		0FB1B55221E32B360064D888 /* PaletteViewController.m */ = {isa = PBXFileReference; fileEncoding = 4; lastKnownFileType = sourcecode.c.objc; path = PaletteViewController.m; sourceTree = "<group>"; };
		0FB1B55B21E32B360064D888 /* CanvasViewController.m */ = {isa = PBXFileReference; fileEncoding = 4; lastKnownFileType = sourcecode.c.objc; path = CanvasViewController.m; sourceTree = "<group>"; };
		0FB1B55D21E32B360064D888 /* CanvasViewController.h */ = {isa = PBXFileReference; fileEncoding = 4; lastKnownFileType = sourcecode.c.h; path = CanvasViewController.h; sourceTree = "<group>"; };
		0FB1B56421E32B9B0064D888 /* ThumbnailViewController.h */ = {isa = PBXFileReference; lastKnownFileType = sourcecode.c.h; path = ThumbnailViewController.h; sourceTree = "<group>"; };
		0FB1B56521E32B9B0064D888 /* ThumbnailViewController.m */ = {isa = PBXFileReference; lastKnownFileType = sourcecode.c.objc; path = ThumbnailViewController.m; sourceTree = "<group>"; };
/* End PBXFileReference section */

/* Begin PBXFrameworksBuildPhase section */
		0FB1B52A21E322970064D888 /* Frameworks */ = {
			isa = PBXFrameworksBuildPhase;
			buildActionMask = 2147483647;
			files = (
			);
			runOnlyForDeploymentPostprocessing = 0;
		};
/* End PBXFrameworksBuildPhase section */

/* Begin PBXGroup section */
		0FB1B52421E322960064D888 = {
			isa = PBXGroup;
			children = (
				0FB1B52F21E322970064D888 /* TouchPainter */,
				0FB1B52E21E322970064D888 /* Products */,
			);
			sourceTree = "<group>";
		};
		0FB1B52E21E322970064D888 /* Products */ = {
			isa = PBXGroup;
			children = (
				0FB1B52D21E322970064D888 /* TouchPainter.app */,
			);
			name = Products;
			sourceTree = "<group>";
		};
		0FB1B52F21E322970064D888 /* TouchPainter */ = {
			isa = PBXGroup;
			children = (
				0FB1B55921E32B360064D888 /* Canvas */,
				0FB1B54F21E32B360064D888 /* Palette */,
				0FB1B55521E32B360064D888 /* Thumbnail */,
				0FB1B53021E322970064D888 /* AppDelegate.h */,
				0FB1B53121E322970064D888 /* AppDelegate.m */,
				0FB1B53621E322970064D888 /* Main.storyboard */,
				0FB1B53921E3229B0064D888 /* Assets.xcassets */,
				0FB1B53B21E3229B0064D888 /* LaunchScreen.storyboard */,
				0FB1B53E21E3229B0064D888 /* Info.plist */,
				0FB1B53F21E3229B0064D888 /* main.m */,
			);
			path = TouchPainter;
			sourceTree = "<group>";
		};
		0FB1B54F21E32B360064D888 /* Palette */ = {
			isa = PBXGroup;
			children = (
				0FB1B55321E32B360064D888 /* Model */,
				0FB1B55421E32B360064D888 /* View */,
				0FB1B55021E32B360064D888 /* Controller */,
			);
			path = Palette;
			sourceTree = "<group>";
		};
		0FB1B55021E32B360064D888 /* Controller */ = {
			isa = PBXGroup;
			children = (
				0FB1B55121E32B360064D888 /* PaletteViewController.h */,
				0FB1B55221E32B360064D888 /* PaletteViewController.m */,
			);
			path = Controller;
			sourceTree = "<group>";
		};
		0FB1B55321E32B360064D888 /* Model */ = {
			isa = PBXGroup;
			children = (
			);
			path = Model;
			sourceTree = "<group>";
		};
		0FB1B55421E32B360064D888 /* View */ = {
			isa = PBXGroup;
			children = (
			);
			path = View;
			sourceTree = "<group>";
		};
		0FB1B55521E32B360064D888 /* Thumbnail */ = {
			isa = PBXGroup;
			children = (
				0FB1B55721E32B360064D888 /* Model */,
				0FB1B55821E32B360064D888 /* View */,
				0FB1B55621E32B360064D888 /* Controller */,
			);
			path = Thumbnail;
			sourceTree = "<group>";
		};
		0FB1B55621E32B360064D888 /* Controller */ = {
			isa = PBXGroup;
			children = (
				0FB1B56421E32B9B0064D888 /* ThumbnailViewController.h */,
				0FB1B56521E32B9B0064D888 /* ThumbnailViewController.m */,
			);
			path = Controller;
			sourceTree = "<group>";
		};
		0FB1B55721E32B360064D888 /* Model */ = {
			isa = PBXGroup;
			children = (
			);
			path = Model;
			sourceTree = "<group>";
		};
		0FB1B55821E32B360064D888 /* View */ = {
			isa = PBXGroup;
			children = (
			);
			path = View;
			sourceTree = "<group>";
		};
		0FB1B55921E32B360064D888 /* Canvas */ = {
			isa = PBXGroup;
			children = (
				0FB1B55F21E32B360064D888 /* Model */,
				0FB1B56021E32B360064D888 /* View */,
				0FB1B55A21E32B360064D888 /* Controller */,
			);
			path = Canvas;
			sourceTree = "<group>";
		};
		0FB1B55A21E32B360064D888 /* Controller */ = {
			isa = PBXGroup;
			children = (
				0FB1B55B21E32B360064D888 /* CanvasViewController.m */,
				0FB1B55D21E32B360064D888 /* CanvasViewController.h */,
			);
			path = Controller;
			sourceTree = "<group>";
		};
		0FB1B55F21E32B360064D888 /* Model */ = {
			isa = PBXGroup;
			children = (
			);
			path = Model;
			sourceTree = "<group>";
		};
		0FB1B56021E32B360064D888 /* View */ = {
			isa = PBXGroup;
			children = (
			);
			path = View;
			sourceTree = "<group>";
		};
/* End PBXGroup section */

/* Begin PBXNativeTarget section */
		0FB1B52C21E322970064D888 /* TouchPainter */ = {
			isa = PBXNativeTarget;
			buildConfigurationList = 0FB1B54321E3229B0064D888 /* Build configuration list for PBXNativeTarget "TouchPainter" */;
			buildPhases = (
				0FB1B52921E322970064D888 /* Sources */,
				0FB1B52A21E322970064D888 /* Frameworks */,
				0FB1B52B21E322970064D888 /* Resources */,
			);
			buildRules = (
			);
			dependencies = (
			);
			name = TouchPainter;
			productName = TouchPainter;
			productReference = 0FB1B52D21E322970064D888 /* TouchPainter.app */;
			productType = "com.apple.product-type.application";
		};
/* End PBXNativeTarget section */

/* Begin PBXProject section */
		0FB1B52521E322960064D888 /* Project object */ = {
			isa = PBXProject;
			attributes = {
				LastUpgradeCheck = 1000;
				ORGANIZATIONNAME = zl;
				TargetAttributes = {
					0FB1B52C21E322970064D888 = {
						CreatedOnToolsVersion = 10.0;
					};
				};
			};
			buildConfigurationList = 0FB1B52821E322960064D888 /* Build configuration list for PBXProject "TouchPainter" */;
			compatibilityVersion = "Xcode 9.3";
			developmentRegion = en;
			hasScannedForEncodings = 0;
			knownRegions = (
				en,
				Base,
			);
			mainGroup = 0FB1B52421E322960064D888;
			productRefGroup = 0FB1B52E21E322970064D888 /* Products */;
			projectDirPath = "";
			projectRoot = "";
			targets = (
				0FB1B52C21E322970064D888 /* TouchPainter */,
			);
		};
/* End PBXProject section */

/* Begin PBXResourcesBuildPhase section */
		0FB1B52B21E322970064D888 /* Resources */ = {
			isa = PBXResourcesBuildPhase;
			buildActionMask = 2147483647;
			files = (
				0FB1B53D21E3229B0064D888 /* LaunchScreen.storyboard in Resources */,
				0FB1B53A21E3229B0064D888 /* Assets.xcassets in Resources */,
				0FB1B53821E322970064D888 /* Main.storyboard in Resources */,
			);
			runOnlyForDeploymentPostprocessing = 0;
		};
/* End PBXResourcesBuildPhase section */

/* Begin PBXSourcesBuildPhase section */
		0FB1B52921E322970064D888 /* Sources */ = {
			isa = PBXSourcesBuildPhase;
			buildActionMask = 2147483647;
			files = (
				0FB1B56221E32B360064D888 /* CanvasViewController.m in Sources */,
				0FB1B56121E32B360064D888 /* PaletteViewController.m in Sources */,
				0FB1B54021E3229B0064D888 /* main.m in Sources */,
				0FB1B56621E32B9B0064D888 /* ThumbnailViewController.m in Sources */,
				0FB1B53221E322970064D888 /* AppDelegate.m in Sources */,
			);
			runOnlyForDeploymentPostprocessing = 0;
		};
/* End PBXSourcesBuildPhase section */

/* Begin PBXVariantGroup section */
		0FB1B53621E322970064D888 /* Main.storyboard */ = {
			isa = PBXVariantGroup;
			children = (
				0FB1B53721E322970064D888 /* Base */,
			);
			name = Main.storyboard;
			sourceTree = "<group>";
		};
		0FB1B53B21E3229B0064D888 /* LaunchScreen.storyboard */ = {
			isa = PBXVariantGroup;
			children = (
				0FB1B53C21E3229B0064D888 /* Base */,
			);
			name = LaunchScreen.storyboard;
			sourceTree = "<group>";
		};
/* End PBXVariantGroup section */

/* Begin XCBuildConfiguration section */
		0FB1B54121E3229B0064D888 /* Debug */ = {
			isa = XCBuildConfiguration;
			buildSettings = {
				ALWAYS_SEARCH_USER_PATHS = NO;
				CLANG_ANALYZER_NONNULL = YES;
				CLANG_ANALYZER_NUMBER_OBJECT_CONVERSION = YES_AGGRESSIVE;
				CLANG_CXX_LANGUAGE_STANDARD = "gnu++14";
				CLANG_CXX_LIBRARY = "libc++";
				CLANG_ENABLE_MODULES = YES;
				CLANG_ENABLE_OBJC_ARC = YES;
				CLANG_ENABLE_OBJC_WEAK = YES;
				CLANG_WARN_BLOCK_CAPTURE_AUTORELEASING = YES;
				CLANG_WARN_BOOL_CONVERSION = YES;
				CLANG_WARN_COMMA = YES;
				CLANG_WARN_CONSTANT_CONVERSION = YES;
				CLANG_WARN_DEPRECATED_OBJC_IMPLEMENTATIONS = YES;
				CLANG_WARN_DIRECT_OBJC_ISA_USAGE = YES_ERROR;
				CLANG_WARN_DOCUMENTATION_COMMENTS = YES;
				CLANG_WARN_EMPTY_BODY = YES;
				CLANG_WARN_ENUM_CONVERSION = YES;
				CLANG_WARN_INFINITE_RECURSION = YES;
				CLANG_WARN_INT_CONVERSION = YES;
				CLANG_WARN_NON_LITERAL_NULL_CONVERSION = YES;
				CLANG_WARN_OBJC_IMPLICIT_RETAIN_SELF = YES;
				CLANG_WARN_OBJC_LITERAL_CONVERSION = YES;
				CLANG_WARN_OBJC_ROOT_CLASS = YES_ERROR;
				CLANG_WARN_RANGE_LOOP_ANALYSIS = YES;
				CLANG_WARN_STRICT_PROTOTYPES = YES;
				CLANG_WARN_SUSPICIOUS_MOVE = YES;
				CLANG_WARN_UNGUARDED_AVAILABILITY = YES_AGGRESSIVE;
				CLANG_WARN_UNREACHABLE_CODE = YES;
				CLANG_WARN__DUPLICATE_METHOD_MATCH = YES;
				CODE_SIGN_IDENTITY = "iPhone Developer";
				COPY_PHASE_STRIP = NO;
				DEBUG_INFORMATION_FORMAT = dwarf;
				ENABLE_STRICT_OBJC_MSGSEND = YES;
				ENABLE_TESTABILITY = YES;
				GCC_C_LANGUAGE_STANDARD = gnu11;
				GCC_DYNAMIC_NO_PIC = NO;
				GCC_NO_COMMON_BLOCKS = YES;
				GCC_OPTIMIZATION_LEVEL = 0;
				GCC_PREPROCESSOR_DEFINITIONS = (
					"DEBUG=1",
					"$(inherited)",
				);
				GCC_WARN_64_TO_32_BIT_CONVERSION = YES;
				GCC_WARN_ABOUT_RETURN_TYPE = YES_ERROR;
				GCC_WARN_UNDECLARED_SELECTOR = YES;
				GCC_WARN_UNINITIALIZED_AUTOS = YES_AGGRESSIVE;
				GCC_WARN_UNUSED_FUNCTION = YES;
				GCC_WARN_UNUSED_VARIABLE = YES;
				IPHONEOS_DEPLOYMENT_TARGET = 12.0;
				MTL_ENABLE_DEBUG_INFO = INCLUDE_SOURCE;
				MTL_FAST_MATH = YES;
				ONLY_ACTIVE_ARCH = YES;
				SDKROOT = iphoneos;
			};
			name = Debug;
		};
		0FB1B54221E3229B0064D888 /* Release */ = {
			isa = XCBuildConfiguration;
			buildSettings = {
				ALWAYS_SEARCH_USER_PATHS = NO;
				CLANG_ANALYZER_NONNULL = YES;
				CLANG_ANALYZER_NUMBER_OBJECT_CONVERSION = YES_AGGRESSIVE;
				CLANG_CXX_LANGUAGE_STANDARD = "gnu++14";
				CLANG_CXX_LIBRARY = "libc++";
				CLANG_ENABLE_MODULES = YES;
				CLANG_ENABLE_OBJC_ARC = YES;
				CLANG_ENABLE_OBJC_WEAK = YES;
				CLANG_WARN_BLOCK_CAPTURE_AUTORELEASING = YES;
				CLANG_WARN_BOOL_CONVERSION = YES;
				CLANG_WARN_COMMA = YES;
				CLANG_WARN_CONSTANT_CONVERSION = YES;
				CLANG_WARN_DEPRECATED_OBJC_IMPLEMENTATIONS = YES;
				CLANG_WARN_DIRECT_OBJC_ISA_USAGE = YES_ERROR;
				CLANG_WARN_DOCUMENTATION_COMMENTS = YES;
				CLANG_WARN_EMPTY_BODY = YES;
				CLANG_WARN_ENUM_CONVERSION = YES;
				CLANG_WARN_INFINITE_RECURSION = YES;
				CLANG_WARN_INT_CONVERSION = YES;
				CLANG_WARN_NON_LITERAL_NULL_CONVERSION = YES;
				CLANG_WARN_OBJC_IMPLICIT_RETAIN_SELF = YES;
				CLANG_WARN_OBJC_LITERAL_CONVERSION = YES;
				CLANG_WARN_OBJC_ROOT_CLASS = YES_ERROR;
				CLANG_WARN_RANGE_LOOP_ANALYSIS = YES;
				CLANG_WARN_STRICT_PROTOTYPES = YES;
				CLANG_WARN_SUSPICIOUS_MOVE = YES;
				CLANG_WARN_UNGUARDED_AVAILABILITY = YES_AGGRESSIVE;
				CLANG_WARN_UNREACHABLE_CODE = YES;
				CLANG_WARN__DUPLICATE_METHOD_MATCH = YES;
				CODE_SIGN_IDENTITY = "iPhone Developer";
				COPY_PHASE_STRIP = NO;
				DEBUG_INFORMATION_FORMAT = "dwarf-with-dsym";
				ENABLE_NS_ASSERTIONS = NO;
				ENABLE_STRICT_OBJC_MSGSEND = YES;
				GCC_C_LANGUAGE_STANDARD = gnu11;
				GCC_NO_COMMON_BLOCKS = YES;
				GCC_WARN_64_TO_32_BIT_CONVERSION = YES;
				GCC_WARN_ABOUT_RETURN_TYPE = YES_ERROR;
				GCC_WARN_UNDECLARED_SELECTOR = YES;
				GCC_WARN_UNINITIALIZED_AUTOS = YES_AGGRESSIVE;
				GCC_WARN_UNUSED_FUNCTION = YES;
				GCC_WARN_UNUSED_VARIABLE = YES;
				IPHONEOS_DEPLOYMENT_TARGET = 12.0;
				MTL_ENABLE_DEBUG_INFO = NO;
				MTL_FAST_MATH = YES;
				SDKROOT = iphoneos;
				VALIDATE_PRODUCT = YES;
			};
			name = Release;
		};
		0FB1B54421E3229B0064D888 /* Debug */ = {
			isa = XCBuildConfiguration;
			buildSettings = {
				ASSETCATALOG_COMPILER_APPICON_NAME = AppIcon;
				CODE_SIGN_IDENTITY = "iPhone Developer";
				CODE_SIGN_STYLE = Automatic;
				DEVELOPMENT_TEAM = T4TK5588S8;
				INFOPLIST_FILE = TouchPainter/Info.plist;
				IPHONEOS_DEPLOYMENT_TARGET = 9.0;
				LD_RUNPATH_SEARCH_PATHS = (
					"$(inherited)",
					"@executable_path/Frameworks",
				);
				PRODUCT_BUNDLE_IDENTIFIER = com.zlkris.cn.TouchPainter;
				PRODUCT_NAME = "$(TARGET_NAME)";
				PROVISIONING_PROFILE_SPECIFIER = "";
				TARGETED_DEVICE_FAMILY = "1,2";
			};
			name = Debug;
		};
		0FB1B54521E3229B0064D888 /* Release */ = {
			isa = XCBuildConfiguration;
			buildSettings = {
				ASSETCATALOG_COMPILER_APPICON_NAME = AppIcon;
				CODE_SIGN_IDENTITY = "iPhone Developer";
				CODE_SIGN_STYLE = Automatic;
				DEVELOPMENT_TEAM = T4TK5588S8;
				INFOPLIST_FILE = TouchPainter/Info.plist;
				IPHONEOS_DEPLOYMENT_TARGET = 9.0;
				LD_RUNPATH_SEARCH_PATHS = (
					"$(inherited)",
					"@executable_path/Frameworks",
				);
				PRODUCT_BUNDLE_IDENTIFIER = com.zlkris.cn.TouchPainter;
				PRODUCT_NAME = "$(TARGET_NAME)";
				PROVISIONING_PROFILE_SPECIFIER = "";
				TARGETED_DEVICE_FAMILY = "1,2";
			};
			name = Release;
		};
/* End XCBuildConfiguration section */

/* Begin XCConfigurationList section */
		0FB1B52821E322960064D888 /* Build configuration list for PBXProject "TouchPainter" */ = {
			isa = XCConfigurationList;
			buildConfigurations = (
				0FB1B54121E3229B0064D888 /* Debug */,
				0FB1B54221E3229B0064D888 /* Release */,
			);
			defaultConfigurationIsVisible = 0;
			defaultConfigurationName = Release;
		};
		0FB1B54321E3229B0064D888 /* Build configuration list for PBXNativeTarget "TouchPainter" */ = {
			isa = XCConfigurationList;
			buildConfigurations = (
				0FB1B54421E3229B0064D888 /* Debug */,
				0FB1B54521E3229B0064D888 /* Release */,
			);
			defaultConfigurationIsVisible = 0;
			defaultConfigurationName = Release;
		};
/* End XCConfigurationList section */
	};
	rootObject = 0FB1B52521E322960064D888 /* Project object */;
}
